# This file is automatically @generated by Cargo.
# It is not intended for manual editing.
version = 4

[[package]]
name = "halfphi"
version = "0.1.2"
source = "git+https://github.com/tinymachines/halfphi?tag=v0.1.2#3514617e8d5acea7935b7f92fa52357577f2872c"

[[package]]
name = "v2c02-netlist"
version = "0.1.0"
dependencies = [
 "halfphi",
]

[[package]]
name = "v2c02-sim"
version = "0.1.0"
dependencies = [
 "halfphi",
 "v2c02-netlist",
]
